
Microsoft Visual Studio Solution File, Format Version 12.00
# Visual Studio Version 17
VisualStudioVersion = 17.0.31903.59
MinimumVisualStudioVersion = 10.0.40219.1
Project("{FAE04EC0-301F-11D3-BF4B-00C04F79EFBC}") = "TwitchApi", "TwitchApi/TwitchApi.csproj", "{4A6237EB-BF83-48A8-A238-0A0E0356C216}"
EndProject
Project("{FAE04EC0-301F-11D3-BF4B-00C04F79EFBC}") = "TwitchApi.Cli", "TwitchApi.Cli\TwitchApi.Cli.csproj", "{CAE6DC03-BE74-4A4E-AE7B-46C103074EE5}"
EndProject
Global
	GlobalSection(SolutionConfigurationPlatforms) = preSolution
		Debug|Any CPU = Debug|Any CPU
		Release|Any CPU = Release|Any CPU
	EndGlobalSection
	GlobalSection(SolutionProperties) = preSolution
		HideSolutionNode = FALSE
	EndGlobalSection
	GlobalSection(ProjectConfigurationPlatforms) = postSolution
		{4A6237EB-BF83-48A8-A238-0A0E0356C216}.Debug|Any CPU.ActiveCfg = Debug|Any CPU
		{4A6237EB-BF83-48A8-A238-0A0E0356C216}.Debug|Any CPU.Build.0 = Debug|Any CPU
		{4A6237EB-BF83-48A8-A238-0A0E0356C216}.Release|Any CPU.ActiveCfg = Release|Any CPU
		{4A6237EB-BF83-48A8-A238-0A0E0356C216}.Release|Any CPU.Build.0 = Release|Any CPU
		{CAE6DC03-BE74-4A4E-AE7B-46C103074EE5}.Debug|Any CPU.ActiveCfg = Debug|Any CPU
		{CAE6DC03-BE74-4A4E-AE7B-46C103074EE5}.Debug|Any CPU.Build.0 = Debug|Any CPU
		{CAE6DC03-BE74-4A4E-AE7B-46C103074EE5}.Release|Any CPU.ActiveCfg = Release|Any CPU
		{CAE6DC03-BE74-4A4E-AE7B-46C103074EE5}.Release|Any CPU.Build.0 = Release|Any CPU
	EndGlobalSection
EndGlobal
